
Microsoft Visual Studio Solution File, Format Version 12.00
# Visual Studio Version 17
VisualStudioVersion = 17.14.37111.16
MinimumVisualStudioVersion = 10.0.40219.1
Project("{FAE04EC0-301F-11D3-BF4B-00C04F79EFBC}") = "finance.debts.consumer", "finance.debts.consumer\finance.debts.consumer.csproj", "{6862950E-A5CD-4B1A-9176-CA455B480931}"
EndProject
Project("{FAE04EC0-301F-11D3-BF4B-00C04F79EFBC}") = "finance.debts.domain", "..\..\finance-debts-domain\finance.debts\finance.debts.domain\finance.debts.domain.csproj", "{E70B1D90-4FF8-83AF-7077-B7DDCA06FC66}"
EndProject
Global
	GlobalSection(SolutionConfigurationPlatforms) = preSolution
		Debug|Any CPU = Debug|Any CPU
		Release|Any CPU = Release|Any CPU
	EndGlobalSection
	GlobalSection(ProjectConfigurationPlatforms) = postSolution
		{6862950E-A5CD-4B1A-9176-CA455B480931}.Debug|Any CPU.ActiveCfg = Debug|Any CPU
		{6862950E-A5CD-4B1A-9176-CA455B480931}.Debug|Any CPU.Build.0 = Debug|Any CPU
		{6862950E-A5CD-4B1A-9176-CA455B480931}.Release|Any CPU.ActiveCfg = Release|Any CPU
		{6862950E-A5CD-4B1A-9176-CA455B480931}.Release|Any CPU.Build.0 = Release|Any CPU
		{E70B1D90-4FF8-83AF-7077-B7DDCA06FC66}.Debug|Any CPU.ActiveCfg = Debug|Any CPU
		{E70B1D90-4FF8-83AF-7077-B7DDCA06FC66}.Debug|Any CPU.Build.0 = Debug|Any CPU
		{E70B1D90-4FF8-83AF-7077-B7DDCA06FC66}.Release|Any CPU.ActiveCfg = Release|Any CPU
		{E70B1D90-4FF8-83AF-7077-B7DDCA06FC66}.Release|Any CPU.Build.0 = Release|Any CPU
	EndGlobalSection
	GlobalSection(SolutionProperties) = preSolution
		HideSolutionNode = FALSE
	EndGlobalSection
	GlobalSection(ExtensibilityGlobals) = postSolution
		SolutionGuid = {6BE775F1-1771-4BB4-B65C-DC62E33D374A}
	EndGlobalSection
EndGlobal
